{
  "name": "TinyInsights.Web",
  "lockfileVersion": 3,
  "requires": true,
  "packages": {
    "": {
      "dependencies": {
        "@kusto/monaco-kusto": "^13.1.0"
      }
    },
    "node_modules/@babel/runtime-corejs3": {
      "version": "7.27.6",
      "resolved": "https://registry.npmjs.org/@babel/runtime-corejs3/-/runtime-corejs3-7.27.6.tgz",
      "integrity": "sha512-vDVrlmRAY8z9Ul/HxT+8ceAru95LQgkSKiXkSYZvqtbkPSfhZJgpRp45Cldbh1GJ1kxzQkI70AqyrTI58KpaWQ==",
      "dependencies": {
        "core-js-pure": "^3.30.2"
      },
      "engines": {
        "node": ">=6.9.0"
      }
    },
    "node_modules/@kusto/language-service": {
      "version": "0.0.283",
      "resolved": "https://registry.npmjs.org/@kusto/language-service/-/language-service-0.0.283.tgz",
      "integrity": "sha512-cei5OxVEVSumsA8xW/tClhC3i2guSk/reOu3HpfErDpyzxamdZjZodt5/AI78/0+033vuwscV41MtlrnUM9J8g=="
    },
    "node_modules/@kusto/language-service-next": {
      "version": "12.0.0",
      "resolved": "https://registry.npmjs.org/@kusto/language-service-next/-/language-service-next-12.0.0.tgz",
      "integrity": "sha512-Tw9xhLNyYLaYB6q3rrVmGXbhVnO3eUGBsnb3ZOgVkvV7F0lc/+RA6Wmpx5Y2RLlL/Zv5Qu7/V6M9Ltm2L+5rsg=="
    },
    "node_modules/@kusto/monaco-kusto": {
      "version": "13.1.0",
      "resolved": "https://registry.npmjs.org/@kusto/monaco-kusto/-/monaco-kusto-13.1.0.tgz",
      "integrity": "sha512-bmuJd+uF+D4+UTj7e5SDfye6LVqyGv/ovYPPwbRWABWchyteCyHBYBXtsa76fqhscysxTXrxee/j4gR7zTra+Q==",
      "dependencies": {
        "@kusto/language-service": "0.0.283",
        "@kusto/language-service-next": "12.0.0",
        "lodash-es": "^4.17.21",
        "vscode-languageserver-types": "^3.17.4",
        "xregexp": "^5.1.1"
      },
      "bin": {
        "copyMonacoFilesAMD": "copyMonacoFilesAMD.js"
      },
      "peerDependencies": {
        "monaco-editor": "^0.52.0"
      }
    },
    "node_modules/core-js-pure": {
      "version": "3.43.0",
      "resolved": "https://registry.npmjs.org/core-js-pure/-/core-js-pure-3.43.0.tgz",
      "integrity": "sha512-i/AgxU2+A+BbJdMxh3v7/vxi2SbFqxiFmg6VsDwYB4jkucrd1BZNA9a9gphC0fYMG5IBSgQcbQnk865VCLe7xA==",
      "hasInstallScript": true,
      "funding": {
        "type": "opencollective",
        "url": "https://opencollective.com/core-js"
      }
    },
    "node_modules/lodash-es": {
      "version": "4.17.21",
      "resolved": "https://registry.npmjs.org/lodash-es/-/lodash-es-4.17.21.tgz",
      "integrity": "sha512-mKnC+QJ9pWVzv+C4/U3rRsHapFfHvQFoFB92e52xeyGMcX6/OlIl78je1u8vePzYZSkkogMPJ2yjxxsb89cxyw=="
    },
    "node_modules/monaco-editor": {
      "version": "0.52.2",
      "resolved": "https://registry.npmjs.org/monaco-editor/-/monaco-editor-0.52.2.tgz",
      "integrity": "sha512-GEQWEZmfkOGLdd3XK8ryrfWz3AIP8YymVXiPHEdewrUq7mh0qrKrfHLNCXcbB6sTnMLnOZ3ztSiKcciFUkIJwQ==",
      "peer": true
    },
    "node_modules/vscode-languageserver-types": {
      "version": "3.17.5",
      "resolved": "https://registry.npmjs.org/vscode-languageserver-types/-/vscode-languageserver-types-3.17.5.tgz",
      "integrity": "sha512-Ld1VelNuX9pdF39h2Hgaeb5hEZM2Z3jUrrMgWQAu82jMtZp7p3vJT3BzToKtZI7NgQssZje5o0zryOrhQvzQAg=="
    },
    "node_modules/xregexp": {
      "version": "5.1.2",
      "resolved": "https://registry.npmjs.org/xregexp/-/xregexp-5.1.2.tgz",
      "integrity": "sha512-6hGgEMCGhqCTFEJbqmWrNIPqfpdirdGWkqshu7fFZddmTSfgv5Sn9D2SaKloR79s5VUiUlpwzg3CM3G6D3VIlw==",
      "dependencies": {
        "@babel/runtime-corejs3": "^7.26.9"
      }
    }
  }
}
